
Microsoft Visual Studio Solution File, Format Version 12.00
# Visual Studio 15
VisualStudioVersion = 15.0.27428.2043
MinimumVisualStudioVersion = 10.0.40219.1
Project("{FAE04EC0-301F-11D3-BF4B-00C04F79EFBC}") = "WaapiCS", "WaapiCS.csproj", "{0B14B604-BB87-4E56-BD9E-91B32BE632A5}"
EndProject
Project("{FAE04EC0-301F-11D3-BF4B-00C04F79EFBC}") = "WaapiCS.Communication", "..\WaapiCS.Communication\WaapiCS.Communication.csproj", "{DD483B96-5D9A-4551-B1FE-5A37911122E1}"
EndProject
Project("{FAE04EC0-301F-11D3-BF4B-00C04F79EFBC}") = "SampleProject", "SampleProject\SampleProject.csproj", "{705B7322-FBDC-4860-AB60-163EFAEFEF0F}"
EndProject
Global
	GlobalSection(SolutionConfigurationPlatforms) = preSolution
		Debug|Any CPU = Debug|Any CPU
		Release|Any CPU = Release|Any CPU
	EndGlobalSection
	GlobalSection(ProjectConfigurationPlatforms) = postSolution
		{0B14B604-BB87-4E56-BD9E-91B32BE632A5}.Debug|Any CPU.ActiveCfg = Debug|Any CPU
		{0B14B604-BB87-4E56-BD9E-91B32BE632A5}.Debug|Any CPU.Build.0 = Debug|Any CPU
		{0B14B604-BB87-4E56-BD9E-91B32BE632A5}.Release|Any CPU.ActiveCfg = Release|Any CPU
		{0B14B604-BB87-4E56-BD9E-91B32BE632A5}.Release|Any CPU.Build.0 = Release|Any CPU
		{DD483B96-5D9A-4551-B1FE-5A37911122E1}.Debug|Any CPU.ActiveCfg = Debug|Any CPU
		{DD483B96-5D9A-4551-B1FE-5A37911122E1}.Debug|Any CPU.Build.0 = Debug|Any CPU
		{DD483B96-5D9A-4551-B1FE-5A37911122E1}.Release|Any CPU.ActiveCfg = Release|Any CPU
		{DD483B96-5D9A-4551-B1FE-5A37911122E1}.Release|Any CPU.Build.0 = Release|Any CPU
		{705B7322-FBDC-4860-AB60-163EFAEFEF0F}.Debug|Any CPU.ActiveCfg = Debug|Any CPU
		{705B7322-FBDC-4860-AB60-163EFAEFEF0F}.Debug|Any CPU.Build.0 = Debug|Any CPU
		{705B7322-FBDC-4860-AB60-163EFAEFEF0F}.Release|Any CPU.ActiveCfg = Release|Any CPU
		{705B7322-FBDC-4860-AB60-163EFAEFEF0F}.Release|Any CPU.Build.0 = Release|Any CPU
	EndGlobalSection
	GlobalSection(SolutionProperties) = preSolution
		HideSolutionNode = FALSE
	EndGlobalSection
	GlobalSection(ExtensibilityGlobals) = postSolution
		SolutionGuid = {26403A69-9519-4A7B-ADB8-000C3ECA7EA8}
	EndGlobalSection
EndGlobal
